
Microsoft Visual Studio Solution File, Format Version 12.00
# Visual Studio Version 16
VisualStudioVersion = 16.0.31702.278
MinimumVisualStudioVersion = 10.0.40219.1
Project("{FAE04EC0-301F-11D3-BF4B-00C04F79EFBC}") = "CourseWork1", "CourseWork1\CourseWork1.csproj", "{F6387198-5182-4913-B18E-B5E304B6E611}"
EndProject
Global
	GlobalSection(SolutionConfigurationPlatforms) = preSolution
		Debug|Any CPU = Debug|Any CPU
		Release|Any CPU = Release|Any CPU
	EndGlobalSection
	GlobalSection(ProjectConfigurationPlatforms) = postSolution
		{F6387198-5182-4913-B18E-B5E304B6E611}.Debug|Any CPU.ActiveCfg = Debug|Any CPU
		{F6387198-5182-4913-B18E-B5E304B6E611}.Debug|Any CPU.Build.0 = Debug|Any CPU
		{F6387198-5182-4913-B18E-B5E304B6E611}.Release|Any CPU.ActiveCfg = Release|Any CPU
		{F6387198-5182-4913-B18E-B5E304B6E611}.Release|Any CPU.Build.0 = Release|Any CPU
	EndGlobalSection
	GlobalSection(SolutionProperties) = preSolution
		HideSolutionNode = FALSE
	EndGlobalSection
	GlobalSection(ExtensibilityGlobals) = postSolution
		SolutionGuid = {052109AA-AECA-4511-9699-47F59312282C}
	EndGlobalSection
EndGlobal
